
Microsoft Visual Studio Solution File, Format Version 12.00
# Visual Studio Version 17
VisualStudioVersion = 17.12.35506.116
MinimumVisualStudioVersion = 10.0.40219.1
Project("{FAE04EC0-301F-11D3-BF4B-00C04F79EFBC}") = "ConsoleTestCLR", "ConsoleTestCLR\ConsoleTestCLR.csproj", "{BEF28CC2-4618-4234-915B-7ADAF2884181}"
EndProject
Project("{2150E333-8FDC-42A3-9474-1A3956D46DE8}") = "Korn", "Korn", "{3568866E-786A-4836-ADAC-BDA9EA8DE14E}"
EndProject
Project("{FAE04EC0-301F-11D3-BF4B-00C04F79EFBC}") = "Korn.Hooking", "..\Korn.Hooking\Korn.Hooking\Korn.Hooking.csproj", "{2215701A-19F0-4EE4-98DB-2F1091D31B70}"
EndProject
Project("{FAE04EC0-301F-11D3-BF4B-00C04F79EFBC}") = "Korn.Logger", "..\Korn.Logger\Korn.Logger\Korn.Logger.csproj", "{B6C6F638-8D1B-4294-8DEC-F71BC394C9D9}"
EndProject
Project("{2150E333-8FDC-42A3-9474-1A3956D46DE8}") = ".net", ".net", "{F1C351E8-BA1C-44FB-85E1-386591CB6EEE}"
EndProject
Project("{2150E333-8FDC-42A3-9474-1A3956D46DE8}") = ".netframework", ".netframework", "{D8F98A80-C749-4878-B787-A5FE46D97AA0}"
EndProject
Project("{2150E333-8FDC-42A3-9474-1A3956D46DE8}") = "Korn", "Korn", "{2CDF37A2-BC66-49E3-A058-0A2EDCC4887A}"
EndProject
Project("{FAE04EC0-301F-11D3-BF4B-00C04F79EFBC}") = "ConsoleTestCLR.netframework", "ConsoleTestCLR.netframework\ConsoleTestCLR.netframework.csproj", "{F36618D7-0E55-4442-A031-77A2E1143E14}"
EndProject
Project("{FAE04EC0-301F-11D3-BF4B-00C04F79EFBC}") = "Korn.Shared", "..\Korn.Shared\Korn.Shared\Korn.Shared.csproj", "{FE5286A3-FDFD-4655-A647-D436B4E4C2AB}"
EndProject
Project("{FAE04EC0-301F-11D3-BF4B-00C04F79EFBC}") = "Korn.Utils.Memory", "..\Korn.Utils.Memory\Korn.Utils.Memory\Korn.Utils.Memory.csproj", "{6AA298AA-95B3-4187-8AF1-82D41E39B256}"
EndProject
Project("{FAE04EC0-301F-11D3-BF4B-00C04F79EFBC}") = "Korn.Modules.Assembler", "..\Korn.Modules.Assembler\Korn.Modules.Assembler\Korn.Modules.Assembler.csproj", "{5D060C89-D7B0-4D81-BF58-4CB38F832521}"
EndProject
Project("{FAE04EC0-301F-11D3-BF4B-00C04F79EFBC}") = "Korn.Shared.Internal", "..\Korn.Shared.Internal\Korn.Shared.Internal\Korn.Shared.Internal.csproj", "{1928FEF0-363E-4232-BCB6-FF04BA5641BF}"
EndProject
Global
	GlobalSection(SolutionConfigurationPlatforms) = preSolution
		Debug|x64 = Debug|x64
		Release|x64 = Release|x64
	EndGlobalSection
	GlobalSection(ProjectConfigurationPlatforms) = postSolution
		{BEF28CC2-4618-4234-915B-7ADAF2884181}.Debug|x64.ActiveCfg = Debug|x64
		{BEF28CC2-4618-4234-915B-7ADAF2884181}.Debug|x64.Build.0 = Debug|x64
		{BEF28CC2-4618-4234-915B-7ADAF2884181}.Release|x64.ActiveCfg = Release|x64
		{BEF28CC2-4618-4234-915B-7ADAF2884181}.Release|x64.Build.0 = Release|x64
		{2215701A-19F0-4EE4-98DB-2F1091D31B70}.Debug|x64.ActiveCfg = Debug|x64
		{2215701A-19F0-4EE4-98DB-2F1091D31B70}.Debug|x64.Build.0 = Debug|x64
		{2215701A-19F0-4EE4-98DB-2F1091D31B70}.Release|x64.ActiveCfg = Release|x64
		{2215701A-19F0-4EE4-98DB-2F1091D31B70}.Release|x64.Build.0 = Release|x64
		{B6C6F638-8D1B-4294-8DEC-F71BC394C9D9}.Debug|x64.ActiveCfg = Debug|x64
		{B6C6F638-8D1B-4294-8DEC-F71BC394C9D9}.Debug|x64.Build.0 = Debug|x64
		{B6C6F638-8D1B-4294-8DEC-F71BC394C9D9}.Release|x64.ActiveCfg = Release|x64
		{B6C6F638-8D1B-4294-8DEC-F71BC394C9D9}.Release|x64.Build.0 = Release|x64
		{F36618D7-0E55-4442-A031-77A2E1143E14}.Debug|x64.ActiveCfg = Debug|x64
		{F36618D7-0E55-4442-A031-77A2E1143E14}.Debug|x64.Build.0 = Debug|x64
		{F36618D7-0E55-4442-A031-77A2E1143E14}.Release|x64.ActiveCfg = Release|x64
		{F36618D7-0E55-4442-A031-77A2E1143E14}.Release|x64.Build.0 = Release|x64
		{FE5286A3-FDFD-4655-A647-D436B4E4C2AB}.Debug|x64.ActiveCfg = Debug|x64
		{FE5286A3-FDFD-4655-A647-D436B4E4C2AB}.Debug|x64.Build.0 = Debug|x64
		{FE5286A3-FDFD-4655-A647-D436B4E4C2AB}.Release|x64.ActiveCfg = Release|x64
		{FE5286A3-FDFD-4655-A647-D436B4E4C2AB}.Release|x64.Build.0 = Release|x64
		{6AA298AA-95B3-4187-8AF1-82D41E39B256}.Debug|x64.ActiveCfg = Debug|x64
		{6AA298AA-95B3-4187-8AF1-82D41E39B256}.Debug|x64.Build.0 = Debug|x64
		{6AA298AA-95B3-4187-8AF1-82D41E39B256}.Release|x64.ActiveCfg = Release|x64
		{6AA298AA-95B3-4187-8AF1-82D41E39B256}.Release|x64.Build.0 = Release|x64
		{5D060C89-D7B0-4D81-BF58-4CB38F832521}.Debug|x64.ActiveCfg = Debug|x64
		{5D060C89-D7B0-4D81-BF58-4CB38F832521}.Debug|x64.Build.0 = Debug|x64
		{5D060C89-D7B0-4D81-BF58-4CB38F832521}.Release|x64.ActiveCfg = Release|x64
		{5D060C89-D7B0-4D81-BF58-4CB38F832521}.Release|x64.Build.0 = Release|x64
		{1928FEF0-363E-4232-BCB6-FF04BA5641BF}.Debug|x64.ActiveCfg = Debug|x64
		{1928FEF0-363E-4232-BCB6-FF04BA5641BF}.Debug|x64.Build.0 = Debug|x64
		{1928FEF0-363E-4232-BCB6-FF04BA5641BF}.Release|x64.ActiveCfg = Release|x64
		{1928FEF0-363E-4232-BCB6-FF04BA5641BF}.Release|x64.Build.0 = Release|x64
	EndGlobalSection
	GlobalSection(SolutionProperties) = preSolution
		HideSolutionNode = FALSE
	EndGlobalSection
	GlobalSection(NestedProjects) = preSolution
		{BEF28CC2-4618-4234-915B-7ADAF2884181} = {F1C351E8-BA1C-44FB-85E1-386591CB6EEE}
		{3568866E-786A-4836-ADAC-BDA9EA8DE14E} = {F1C351E8-BA1C-44FB-85E1-386591CB6EEE}
		{2215701A-19F0-4EE4-98DB-2F1091D31B70} = {3568866E-786A-4836-ADAC-BDA9EA8DE14E}
		{B6C6F638-8D1B-4294-8DEC-F71BC394C9D9} = {3568866E-786A-4836-ADAC-BDA9EA8DE14E}
		{2CDF37A2-BC66-49E3-A058-0A2EDCC4887A} = {D8F98A80-C749-4878-B787-A5FE46D97AA0}
		{F36618D7-0E55-4442-A031-77A2E1143E14} = {D8F98A80-C749-4878-B787-A5FE46D97AA0}
		{FE5286A3-FDFD-4655-A647-D436B4E4C2AB} = {3568866E-786A-4836-ADAC-BDA9EA8DE14E}
		{6AA298AA-95B3-4187-8AF1-82D41E39B256} = {3568866E-786A-4836-ADAC-BDA9EA8DE14E}
		{5D060C89-D7B0-4D81-BF58-4CB38F832521} = {3568866E-786A-4836-ADAC-BDA9EA8DE14E}
		{1928FEF0-363E-4232-BCB6-FF04BA5641BF} = {3568866E-786A-4836-ADAC-BDA9EA8DE14E}
	EndGlobalSection
EndGlobal
